
Microsoft Visual Studio Solution File, Format Version 12.00
# Visual Studio Version 17
VisualStudioVersion = 17.4.33213.308
MinimumVisualStudioVersion = 10.0.40219.1
Project("{FAE04EC0-301F-11D3-BF4B-00C04F79EFBC}") = "OneCommandBlock Generator", "OneCommandBlock Generator\OneCommandBlock Generator.csproj", "{2ADCB01B-DA66-4775-BB69-04A0E7FCB145}"
EndProject
Global
	GlobalSection(SolutionConfigurationPlatforms) = preSolution
		Debug|Any CPU = Debug|Any CPU
		Release|Any CPU = Release|Any CPU
	EndGlobalSection
	GlobalSection(ProjectConfigurationPlatforms) = postSolution
		{2ADCB01B-DA66-4775-BB69-04A0E7FCB145}.Debug|Any CPU.ActiveCfg = Debug|Any CPU
		{2ADCB01B-DA66-4775-BB69-04A0E7FCB145}.Debug|Any CPU.Build.0 = Debug|Any CPU
		{2ADCB01B-DA66-4775-BB69-04A0E7FCB145}.Release|Any CPU.ActiveCfg = Release|Any CPU
		{2ADCB01B-DA66-4775-BB69-04A0E7FCB145}.Release|Any CPU.Build.0 = Release|Any CPU
	EndGlobalSection
	GlobalSection(SolutionProperties) = preSolution
		HideSolutionNode = FALSE
	EndGlobalSection
	GlobalSection(ExtensibilityGlobals) = postSolution
		SolutionGuid = {C7260B1B-6BC2-402F-9AF0-1352F80AC1CD}
	EndGlobalSection
EndGlobal
